
Microsoft Visual Studio Solution File, Format Version 12.00
# Visual Studio Version 17
VisualStudioVersion = 17.5.33627.172
MinimumVisualStudioVersion = 10.0.40219.1
Project("{9A19103F-16F7-4668-BE54-9A1E7A4F7556}") = "GuirelliImoveis", "GuirelliImoveis\GuirelliImoveis.csproj", "{612EA60E-04A4-40FA-AE23-F52CA8D4061A}"
EndProject
Project("{9A19103F-16F7-4668-BE54-9A1E7A4F7556}") = "GuirelliImoveisAPI", "GuirelliImoveisAPI\GuirelliImoveisAPI.csproj", "{938664E1-691F-464E-9823-54FA890ABFEE}"
EndProject
Project("{FAE04EC0-301F-11D3-BF4B-00C04F79EFBC}") = "Infra", "Infra\Infra.csproj", "{BFB2ABF7-0C6E-4B21-BED8-BE97AEF81BF7}"
EndProject
Global
	GlobalSection(SolutionConfigurationPlatforms) = preSolution
		Debug|Any CPU = Debug|Any CPU
		Release|Any CPU = Release|Any CPU
	EndGlobalSection
	GlobalSection(ProjectConfigurationPlatforms) = postSolution
		{612EA60E-04A4-40FA-AE23-F52CA8D4061A}.Debug|Any CPU.ActiveCfg = Debug|Any CPU
		{612EA60E-04A4-40FA-AE23-F52CA8D4061A}.Debug|Any CPU.Build.0 = Debug|Any CPU
		{612EA60E-04A4-40FA-AE23-F52CA8D4061A}.Release|Any CPU.ActiveCfg = Release|Any CPU
		{612EA60E-04A4-40FA-AE23-F52CA8D4061A}.Release|Any CPU.Build.0 = Release|Any CPU
		{938664E1-691F-464E-9823-54FA890ABFEE}.Debug|Any CPU.ActiveCfg = Debug|Any CPU
		{938664E1-691F-464E-9823-54FA890ABFEE}.Debug|Any CPU.Build.0 = Debug|Any CPU
		{938664E1-691F-464E-9823-54FA890ABFEE}.Release|Any CPU.ActiveCfg = Release|Any CPU
		{938664E1-691F-464E-9823-54FA890ABFEE}.Release|Any CPU.Build.0 = Release|Any CPU
		{BFB2ABF7-0C6E-4B21-BED8-BE97AEF81BF7}.Debug|Any CPU.ActiveCfg = Debug|Any CPU
		{BFB2ABF7-0C6E-4B21-BED8-BE97AEF81BF7}.Debug|Any CPU.Build.0 = Debug|Any CPU
		{BFB2ABF7-0C6E-4B21-BED8-BE97AEF81BF7}.Release|Any CPU.ActiveCfg = Release|Any CPU
		{BFB2ABF7-0C6E-4B21-BED8-BE97AEF81BF7}.Release|Any CPU.Build.0 = Release|Any CPU
	EndGlobalSection
	GlobalSection(SolutionProperties) = preSolution
		HideSolutionNode = FALSE
	EndGlobalSection
	GlobalSection(ExtensibilityGlobals) = postSolution
		SolutionGuid = {17DD53D1-9061-415C-9D31-43E995220354}
	EndGlobalSection
EndGlobal
